
Microsoft Visual Studio Solution File, Format Version 11.00
# Visual Studio 2010
Project("{FAE04EC0-301F-11D3-BF4B-00C04F79EFBC}") = "Backsight", "Backsight\Backsight.csproj", "{2D80BA27-714A-4851-903F-DF512063C237}"
EndProject
Project("{FAE04EC0-301F-11D3-BF4B-00C04F79EFBC}") = "Backsight.Data", "Backsight.Data\Backsight.Data.csproj", "{7EC14854-8FB8-415F-9CC5-E1B52BAD8B3A}"
EndProject
Project("{FAE04EC0-301F-11D3-BF4B-00C04F79EFBC}") = "Backsight.SqlServer", "Backsight.SqlServer\Backsight.SqlServer.csproj", "{97BC1364-B469-4AF2-BD4F-B13AB981A4B1}"
EndProject
Project("{FAE04EC0-301F-11D3-BF4B-00C04F79EFBC}") = "Backsight.Environment.Editor", "Backsight.Environment.Editor\Backsight.Environment.Editor.csproj", "{A515AC80-FDDE-4790-BB45-E319AFFB7D6F}"
EndProject
Project("{FAE04EC0-301F-11D3-BF4B-00C04F79EFBC}") = "Backsight.Editor", "Backsight.Editor\Backsight.Editor.csproj", "{3948DFAE-3A14-4582-A25E-3AC2784FB931}"
EndProject
Project("{FAE04EC0-301F-11D3-BF4B-00C04F79EFBC}") = "Gui.Wizard", "Gui.Wizard\Gui.Wizard.csproj", "{B486F0FA-89B1-4666-BF8A-BD682A029D5D}"
EndProject
Project("{FAE04EC0-301F-11D3-BF4B-00C04F79EFBC}") = "Backsight.ShapeViewer", "Backsight.ShapeViewer\Backsight.ShapeViewer.csproj", "{4FC16F45-4DD2-4004-980B-C9D3905FD61C}"
EndProject
Global
	GlobalSection(SolutionConfigurationPlatforms) = preSolution
		Debug|Any CPU = Debug|Any CPU
		Debug|Mixed Platforms = Debug|Mixed Platforms
		Debug|Win32 = Debug|Win32
		Debug|x86 = Debug|x86
		Release|Any CPU = Release|Any CPU
		Release|Mixed Platforms = Release|Mixed Platforms
		Release|Win32 = Release|Win32
		Release|x86 = Release|x86
	EndGlobalSection
	GlobalSection(ProjectConfigurationPlatforms) = postSolution
		{2D80BA27-714A-4851-903F-DF512063C237}.Debug|Any CPU.ActiveCfg = Debug|Any CPU
		{2D80BA27-714A-4851-903F-DF512063C237}.Debug|Mixed Platforms.ActiveCfg = Debug|Any CPU
		{2D80BA27-714A-4851-903F-DF512063C237}.Debug|Mixed Platforms.Build.0 = Debug|Any CPU
		{2D80BA27-714A-4851-903F-DF512063C237}.Debug|Win32.ActiveCfg = Debug|Any CPU
		{2D80BA27-714A-4851-903F-DF512063C237}.Debug|x86.ActiveCfg = Debug|x86
		{2D80BA27-714A-4851-903F-DF512063C237}.Debug|x86.Build.0 = Debug|x86
		{2D80BA27-714A-4851-903F-DF512063C237}.Release|Any CPU.ActiveCfg = Release|Any CPU
		{2D80BA27-714A-4851-903F-DF512063C237}.Release|Any CPU.Build.0 = Release|Any CPU
		{2D80BA27-714A-4851-903F-DF512063C237}.Release|Mixed Platforms.ActiveCfg = Release|Any CPU
		{2D80BA27-714A-4851-903F-DF512063C237}.Release|Mixed Platforms.Build.0 = Release|Any CPU
		{2D80BA27-714A-4851-903F-DF512063C237}.Release|Win32.ActiveCfg = Release|Any CPU
		{2D80BA27-714A-4851-903F-DF512063C237}.Release|x86.ActiveCfg = Release|x86
		{2D80BA27-714A-4851-903F-DF512063C237}.Release|x86.Build.0 = Release|x86
		{2D80BA27-714A-4851-903F-DF512063C237}.Debug|Any CPU.Build.0 = Debug|Any CPU
		{7EC14854-8FB8-415F-9CC5-E1B52BAD8B3A}.Debug|Any CPU.ActiveCfg = Debug|Any CPU
		{7EC14854-8FB8-415F-9CC5-E1B52BAD8B3A}.Debug|Mixed Platforms.ActiveCfg = Debug|Any CPU
		{7EC14854-8FB8-415F-9CC5-E1B52BAD8B3A}.Debug|Mixed Platforms.Build.0 = Debug|Any CPU
		{7EC14854-8FB8-415F-9CC5-E1B52BAD8B3A}.Debug|Win32.ActiveCfg = Debug|Any CPU
		{7EC14854-8FB8-415F-9CC5-E1B52BAD8B3A}.Debug|x86.ActiveCfg = Debug|x86
		{7EC14854-8FB8-415F-9CC5-E1B52BAD8B3A}.Debug|x86.Build.0 = Debug|x86
		{7EC14854-8FB8-415F-9CC5-E1B52BAD8B3A}.Release|Any CPU.ActiveCfg = Release|Any CPU
		{7EC14854-8FB8-415F-9CC5-E1B52BAD8B3A}.Release|Mixed Platforms.ActiveCfg = Release|Any CPU
		{7EC14854-8FB8-415F-9CC5-E1B52BAD8B3A}.Release|Mixed Platforms.Build.0 = Release|Any CPU
		{7EC14854-8FB8-415F-9CC5-E1B52BAD8B3A}.Release|Win32.ActiveCfg = Release|Any CPU
		{7EC14854-8FB8-415F-9CC5-E1B52BAD8B3A}.Release|x86.ActiveCfg = Release|x86
		{7EC14854-8FB8-415F-9CC5-E1B52BAD8B3A}.Release|Any CPU.Build.0 = Release|Any CPU
		{97BC1364-B469-4AF2-BD4F-B13AB981A4B1}.Debug|Any CPU.ActiveCfg = Debug|Any CPU
		{97BC1364-B469-4AF2-BD4F-B13AB981A4B1}.Debug|Mixed Platforms.ActiveCfg = Debug|Any CPU
		{97BC1364-B469-4AF2-BD4F-B13AB981A4B1}.Debug|Mixed Platforms.Build.0 = Debug|Any CPU
		{97BC1364-B469-4AF2-BD4F-B13AB981A4B1}.Debug|Win32.ActiveCfg = Debug|Any CPU
		{97BC1364-B469-4AF2-BD4F-B13AB981A4B1}.Debug|x86.ActiveCfg = Debug|x86
		{97BC1364-B469-4AF2-BD4F-B13AB981A4B1}.Debug|x86.Build.0 = Debug|x86
		{97BC1364-B469-4AF2-BD4F-B13AB981A4B1}.Release|Any CPU.ActiveCfg = Release|Any CPU
		{97BC1364-B469-4AF2-BD4F-B13AB981A4B1}.Release|Mixed Platforms.ActiveCfg = Release|Any CPU
		{97BC1364-B469-4AF2-BD4F-B13AB981A4B1}.Release|Mixed Platforms.Build.0 = Release|Any CPU
		{97BC1364-B469-4AF2-BD4F-B13AB981A4B1}.Release|Win32.ActiveCfg = Release|Any CPU
		{97BC1364-B469-4AF2-BD4F-B13AB981A4B1}.Release|x86.ActiveCfg = Release|x86
		{97BC1364-B469-4AF2-BD4F-B13AB981A4B1}.Release|Any CPU.Build.0 = Release|Any CPU
		{A515AC80-FDDE-4790-BB45-E319AFFB7D6F}.Debug|Any CPU.ActiveCfg = Debug|Any CPU
		{A515AC80-FDDE-4790-BB45-E319AFFB7D6F}.Debug|Mixed Platforms.ActiveCfg = Debug|Any CPU
		{A515AC80-FDDE-4790-BB45-E319AFFB7D6F}.Debug|Mixed Platforms.Build.0 = Debug|Any CPU
		{A515AC80-FDDE-4790-BB45-E319AFFB7D6F}.Debug|Win32.ActiveCfg = Debug|Any CPU
		{A515AC80-FDDE-4790-BB45-E319AFFB7D6F}.Debug|x86.ActiveCfg = Debug|x86
		{A515AC80-FDDE-4790-BB45-E319AFFB7D6F}.Debug|x86.Build.0 = Debug|x86
		{A515AC80-FDDE-4790-BB45-E319AFFB7D6F}.Release|Any CPU.ActiveCfg = Release|Any CPU
		{A515AC80-FDDE-4790-BB45-E319AFFB7D6F}.Release|Mixed Platforms.ActiveCfg = Release|Any CPU
		{A515AC80-FDDE-4790-BB45-E319AFFB7D6F}.Release|Mixed Platforms.Build.0 = Release|Any CPU
		{A515AC80-FDDE-4790-BB45-E319AFFB7D6F}.Release|Win32.ActiveCfg = Release|Any CPU
		{A515AC80-FDDE-4790-BB45-E319AFFB7D6F}.Release|x86.ActiveCfg = Release|x86
		{3948DFAE-3A14-4582-A25E-3AC2784FB931}.Debug|Any CPU.ActiveCfg = Debug|Any CPU
		{3948DFAE-3A14-4582-A25E-3AC2784FB931}.Debug|Mixed Platforms.ActiveCfg = Debug|Any CPU
		{3948DFAE-3A14-4582-A25E-3AC2784FB931}.Debug|Mixed Platforms.Build.0 = Debug|Any CPU
		{3948DFAE-3A14-4582-A25E-3AC2784FB931}.Debug|Win32.ActiveCfg = Debug|Any CPU
		{3948DFAE-3A14-4582-A25E-3AC2784FB931}.Debug|x86.ActiveCfg = Debug|x86
		{3948DFAE-3A14-4582-A25E-3AC2784FB931}.Debug|x86.Build.0 = Debug|x86
		{3948DFAE-3A14-4582-A25E-3AC2784FB931}.Release|Any CPU.ActiveCfg = Release|Any CPU
		{3948DFAE-3A14-4582-A25E-3AC2784FB931}.Release|Mixed Platforms.ActiveCfg = Release|Any CPU
		{3948DFAE-3A14-4582-A25E-3AC2784FB931}.Release|Mixed Platforms.Build.0 = Release|Any CPU
		{3948DFAE-3A14-4582-A25E-3AC2784FB931}.Release|Win32.ActiveCfg = Release|Any CPU
		{3948DFAE-3A14-4582-A25E-3AC2784FB931}.Release|x86.ActiveCfg = Release|x86
		{3948DFAE-3A14-4582-A25E-3AC2784FB931}.Release|x86.Build.0 = Release|x86
		{B486F0FA-89B1-4666-BF8A-BD682A029D5D}.Debug|Any CPU.ActiveCfg = Debug|Any CPU
		{B486F0FA-89B1-4666-BF8A-BD682A029D5D}.Debug|Any CPU.Build.0 = Debug|Any CPU
		{B486F0FA-89B1-4666-BF8A-BD682A029D5D}.Debug|Mixed Platforms.ActiveCfg = Debug|Any CPU
		{B486F0FA-89B1-4666-BF8A-BD682A029D5D}.Debug|Mixed Platforms.Build.0 = Debug|Any CPU
		{B486F0FA-89B1-4666-BF8A-BD682A029D5D}.Debug|Win32.ActiveCfg = Debug|Any CPU
		{B486F0FA-89B1-4666-BF8A-BD682A029D5D}.Debug|Win32.Build.0 = Debug|Any CPU
		{B486F0FA-89B1-4666-BF8A-BD682A029D5D}.Debug|x86.ActiveCfg = Debug|Any CPU
		{B486F0FA-89B1-4666-BF8A-BD682A029D5D}.Debug|x86.Build.0 = Debug|Any CPU
		{B486F0FA-89B1-4666-BF8A-BD682A029D5D}.Release|Any CPU.ActiveCfg = Release|Any CPU
		{B486F0FA-89B1-4666-BF8A-BD682A029D5D}.Release|Any CPU.Build.0 = Release|Any CPU
		{B486F0FA-89B1-4666-BF8A-BD682A029D5D}.Release|Mixed Platforms.ActiveCfg = Release|Any CPU
		{B486F0FA-89B1-4666-BF8A-BD682A029D5D}.Release|Mixed Platforms.Build.0 = Release|Any CPU
		{B486F0FA-89B1-4666-BF8A-BD682A029D5D}.Release|Win32.ActiveCfg = Release|Any CPU
		{B486F0FA-89B1-4666-BF8A-BD682A029D5D}.Release|Win32.Build.0 = Release|Any CPU
		{B486F0FA-89B1-4666-BF8A-BD682A029D5D}.Release|x86.ActiveCfg = Release|Any CPU
		{B486F0FA-89B1-4666-BF8A-BD682A029D5D}.Release|x86.Build.0 = Release|Any CPU
		{4FC16F45-4DD2-4004-980B-C9D3905FD61C}.Debug|Any CPU.ActiveCfg = Debug|Any CPU
		{4FC16F45-4DD2-4004-980B-C9D3905FD61C}.Debug|Any CPU.Build.0 = Debug|Any CPU
		{4FC16F45-4DD2-4004-980B-C9D3905FD61C}.Debug|Mixed Platforms.ActiveCfg = Debug|Any CPU
		{4FC16F45-4DD2-4004-980B-C9D3905FD61C}.Debug|Mixed Platforms.Build.0 = Debug|Any CPU
		{4FC16F45-4DD2-4004-980B-C9D3905FD61C}.Debug|Win32.ActiveCfg = Debug|Any CPU
		{4FC16F45-4DD2-4004-980B-C9D3905FD61C}.Debug|Win32.Build.0 = Debug|Any CPU
		{4FC16F45-4DD2-4004-980B-C9D3905FD61C}.Debug|x86.ActiveCfg = Debug|Any CPU
		{4FC16F45-4DD2-4004-980B-C9D3905FD61C}.Debug|x86.Build.0 = Debug|Any CPU
		{4FC16F45-4DD2-4004-980B-C9D3905FD61C}.Release|Any CPU.ActiveCfg = Release|Any CPU
		{4FC16F45-4DD2-4004-980B-C9D3905FD61C}.Release|Any CPU.Build.0 = Release|Any CPU
		{4FC16F45-4DD2-4004-980B-C9D3905FD61C}.Release|Mixed Platforms.ActiveCfg = Release|Any CPU
		{4FC16F45-4DD2-4004-980B-C9D3905FD61C}.Release|Mixed Platforms.Build.0 = Release|Any CPU
		{4FC16F45-4DD2-4004-980B-C9D3905FD61C}.Release|Win32.ActiveCfg = Release|Any CPU
		{4FC16F45-4DD2-4004-980B-C9D3905FD61C}.Release|Win32.Build.0 = Release|Any CPU
		{4FC16F45-4DD2-4004-980B-C9D3905FD61C}.Release|x86.ActiveCfg = Release|Any CPU
		{4FC16F45-4DD2-4004-980B-C9D3905FD61C}.Release|x86.Build.0 = Release|Any CPU
	EndGlobalSection
	GlobalSection(SolutionProperties) = preSolution
		HideSolutionNode = FALSE
	EndGlobalSection
EndGlobal
