
Microsoft Visual Studio Solution File, Format Version 9.00
# Visual Studio 2005
Project("{FAE04EC0-301F-11D3-BF4B-00C04F79EFBC}") = "Ntx", "Ntx\Ntx.csproj", "{A40CEB5A-1ED4-41B8-961F-BDD7AC737C33}"
	ProjectSection(WebsiteProperties) = preProject
		Debug.AspNetCompiler.Debug = "True"
		Release.AspNetCompiler.Debug = "False"
	EndProjectSection
EndProject
Project("{FAE04EC0-301F-11D3-BF4B-00C04F79EFBC}") = "Backsight", "Backsight\Backsight.csproj", "{2D80BA27-714A-4851-903F-DF512063C237}"
	ProjectSection(WebsiteProperties) = preProject
		Debug.AspNetCompiler.Debug = "True"
		Release.AspNetCompiler.Debug = "False"
	EndProjectSection
EndProject
Project("{FAE04EC0-301F-11D3-BF4B-00C04F79EFBC}") = "Backsight.Data", "Backsight.Data\Backsight.Data.csproj", "{7EC14854-8FB8-415F-9CC5-E1B52BAD8B3A}"
	ProjectSection(WebsiteProperties) = preProject
		Debug.AspNetCompiler.Debug = "True"
		Release.AspNetCompiler.Debug = "False"
	EndProjectSection
EndProject
Project("{FAE04EC0-301F-11D3-BF4B-00C04F79EFBC}") = "Backsight.SqlServer", "Backsight.SqlServer\Backsight.SqlServer.csproj", "{97BC1364-B469-4AF2-BD4F-B13AB981A4B1}"
	ProjectSection(WebsiteProperties) = preProject
		Debug.AspNetCompiler.Debug = "True"
		Release.AspNetCompiler.Debug = "False"
	EndProjectSection
EndProject
Project("{FAE04EC0-301F-11D3-BF4B-00C04F79EFBC}") = "Backsight.Environment.Editor", "Backsight.Environment.Editor\Backsight.Environment.Editor.csproj", "{A515AC80-FDDE-4790-BB45-E319AFFB7D6F}"
	ProjectSection(WebsiteProperties) = preProject
		Debug.AspNetCompiler.Debug = "True"
		Release.AspNetCompiler.Debug = "False"
	EndProjectSection
EndProject
Project("{FAE04EC0-301F-11D3-BF4B-00C04F79EFBC}") = "Backsight.Editor", "Backsight.Editor\Backsight.Editor.csproj", "{3948DFAE-3A14-4582-A25E-3AC2784FB931}"
	ProjectSection(WebsiteProperties) = preProject
		Debug.AspNetCompiler.Debug = "True"
		Release.AspNetCompiler.Debug = "False"
	EndProjectSection
EndProject
Project("{FAE04EC0-301F-11D3-BF4B-00C04F79EFBC}") = "WizardLib", "WizardLib\WizardLib.csproj", "{BD90B1F9-A497-469A-AB6B-86C5B8B68B51}"
	ProjectSection(WebsiteProperties) = preProject
		Debug.AspNetCompiler.Debug = "True"
		Release.AspNetCompiler.Debug = "False"
	EndProjectSection
EndProject
Project("{FAE04EC0-301F-11D3-BF4B-00C04F79EFBC}") = "Backsight.ShapeViewer", "Backsight.ShapeViewer\Backsight.ShapeViewer.csproj", "{188333D8-50A7-4847-83CD-A0AD2D9A48C9}"
	ProjectSection(WebsiteProperties) = preProject
		Debug.AspNetCompiler.Debug = "True"
		Release.AspNetCompiler.Debug = "False"
	EndProjectSection
EndProject
Project("{FAE04EC0-301F-11D3-BF4B-00C04F79EFBC}") = "BNS", "BNS\BNS.csproj", "{AB4AB590-0661-4D79-81CD-6927157BADAE}"
	ProjectSection(WebsiteProperties) = preProject
		Debug.AspNetCompiler.Debug = "True"
		Release.AspNetCompiler.Debug = "False"
	EndProjectSection
EndProject
Global
	GlobalSection(SolutionConfigurationPlatforms) = preSolution
		Debug|Any CPU = Debug|Any CPU
		Debug|Mixed Platforms = Debug|Mixed Platforms
		Debug|Win32 = Debug|Win32
		Release|Any CPU = Release|Any CPU
		Release|Mixed Platforms = Release|Mixed Platforms
		Release|Win32 = Release|Win32
	EndGlobalSection
	GlobalSection(ProjectConfigurationPlatforms) = postSolution
		{A40CEB5A-1ED4-41B8-961F-BDD7AC737C33}.Debug|Any CPU.ActiveCfg = Debug|Any CPU
		{A40CEB5A-1ED4-41B8-961F-BDD7AC737C33}.Debug|Any CPU.Build.0 = Debug|Any CPU
		{A40CEB5A-1ED4-41B8-961F-BDD7AC737C33}.Debug|Mixed Platforms.ActiveCfg = Debug|Any CPU
		{A40CEB5A-1ED4-41B8-961F-BDD7AC737C33}.Debug|Mixed Platforms.Build.0 = Debug|Any CPU
		{A40CEB5A-1ED4-41B8-961F-BDD7AC737C33}.Debug|Win32.ActiveCfg = Debug|Any CPU
		{A40CEB5A-1ED4-41B8-961F-BDD7AC737C33}.Release|Any CPU.ActiveCfg = Release|Any CPU
		{A40CEB5A-1ED4-41B8-961F-BDD7AC737C33}.Release|Any CPU.Build.0 = Release|Any CPU
		{A40CEB5A-1ED4-41B8-961F-BDD7AC737C33}.Release|Mixed Platforms.ActiveCfg = Release|Any CPU
		{A40CEB5A-1ED4-41B8-961F-BDD7AC737C33}.Release|Mixed Platforms.Build.0 = Release|Any CPU
		{A40CEB5A-1ED4-41B8-961F-BDD7AC737C33}.Release|Win32.ActiveCfg = Release|Any CPU
		{2D80BA27-714A-4851-903F-DF512063C237}.Debug|Any CPU.ActiveCfg = Debug|Any CPU
		{2D80BA27-714A-4851-903F-DF512063C237}.Debug|Any CPU.Build.0 = Debug|Any CPU
		{2D80BA27-714A-4851-903F-DF512063C237}.Debug|Mixed Platforms.ActiveCfg = Debug|Any CPU
		{2D80BA27-714A-4851-903F-DF512063C237}.Debug|Mixed Platforms.Build.0 = Debug|Any CPU
		{2D80BA27-714A-4851-903F-DF512063C237}.Debug|Win32.ActiveCfg = Debug|Any CPU
		{2D80BA27-714A-4851-903F-DF512063C237}.Release|Any CPU.ActiveCfg = Release|Any CPU
		{2D80BA27-714A-4851-903F-DF512063C237}.Release|Any CPU.Build.0 = Release|Any CPU
		{2D80BA27-714A-4851-903F-DF512063C237}.Release|Mixed Platforms.ActiveCfg = Release|Any CPU
		{2D80BA27-714A-4851-903F-DF512063C237}.Release|Mixed Platforms.Build.0 = Release|Any CPU
		{2D80BA27-714A-4851-903F-DF512063C237}.Release|Win32.ActiveCfg = Release|Any CPU
		{7EC14854-8FB8-415F-9CC5-E1B52BAD8B3A}.Debug|Any CPU.ActiveCfg = Debug|Any CPU
		{7EC14854-8FB8-415F-9CC5-E1B52BAD8B3A}.Debug|Any CPU.Build.0 = Debug|Any CPU
		{7EC14854-8FB8-415F-9CC5-E1B52BAD8B3A}.Debug|Mixed Platforms.ActiveCfg = Debug|Any CPU
		{7EC14854-8FB8-415F-9CC5-E1B52BAD8B3A}.Debug|Mixed Platforms.Build.0 = Debug|Any CPU
		{7EC14854-8FB8-415F-9CC5-E1B52BAD8B3A}.Debug|Win32.ActiveCfg = Debug|Any CPU
		{7EC14854-8FB8-415F-9CC5-E1B52BAD8B3A}.Release|Any CPU.ActiveCfg = Release|Any CPU
		{7EC14854-8FB8-415F-9CC5-E1B52BAD8B3A}.Release|Any CPU.Build.0 = Release|Any CPU
		{7EC14854-8FB8-415F-9CC5-E1B52BAD8B3A}.Release|Mixed Platforms.ActiveCfg = Release|Any CPU
		{7EC14854-8FB8-415F-9CC5-E1B52BAD8B3A}.Release|Mixed Platforms.Build.0 = Release|Any CPU
		{7EC14854-8FB8-415F-9CC5-E1B52BAD8B3A}.Release|Win32.ActiveCfg = Release|Any CPU
		{97BC1364-B469-4AF2-BD4F-B13AB981A4B1}.Debug|Any CPU.ActiveCfg = Debug|Any CPU
		{97BC1364-B469-4AF2-BD4F-B13AB981A4B1}.Debug|Any CPU.Build.0 = Debug|Any CPU
		{97BC1364-B469-4AF2-BD4F-B13AB981A4B1}.Debug|Mixed Platforms.ActiveCfg = Debug|Any CPU
		{97BC1364-B469-4AF2-BD4F-B13AB981A4B1}.Debug|Mixed Platforms.Build.0 = Debug|Any CPU
		{97BC1364-B469-4AF2-BD4F-B13AB981A4B1}.Debug|Win32.ActiveCfg = Debug|Any CPU
		{97BC1364-B469-4AF2-BD4F-B13AB981A4B1}.Release|Any CPU.ActiveCfg = Release|Any CPU
		{97BC1364-B469-4AF2-BD4F-B13AB981A4B1}.Release|Any CPU.Build.0 = Release|Any CPU
		{97BC1364-B469-4AF2-BD4F-B13AB981A4B1}.Release|Mixed Platforms.ActiveCfg = Release|Any CPU
		{97BC1364-B469-4AF2-BD4F-B13AB981A4B1}.Release|Mixed Platforms.Build.0 = Release|Any CPU
		{97BC1364-B469-4AF2-BD4F-B13AB981A4B1}.Release|Win32.ActiveCfg = Release|Any CPU
		{A515AC80-FDDE-4790-BB45-E319AFFB7D6F}.Debug|Any CPU.ActiveCfg = Debug|Any CPU
		{A515AC80-FDDE-4790-BB45-E319AFFB7D6F}.Debug|Any CPU.Build.0 = Debug|Any CPU
		{A515AC80-FDDE-4790-BB45-E319AFFB7D6F}.Debug|Mixed Platforms.ActiveCfg = Debug|Any CPU
		{A515AC80-FDDE-4790-BB45-E319AFFB7D6F}.Debug|Mixed Platforms.Build.0 = Debug|Any CPU
		{A515AC80-FDDE-4790-BB45-E319AFFB7D6F}.Debug|Win32.ActiveCfg = Debug|Any CPU
		{A515AC80-FDDE-4790-BB45-E319AFFB7D6F}.Release|Any CPU.ActiveCfg = Release|Any CPU
		{A515AC80-FDDE-4790-BB45-E319AFFB7D6F}.Release|Any CPU.Build.0 = Release|Any CPU
		{A515AC80-FDDE-4790-BB45-E319AFFB7D6F}.Release|Mixed Platforms.ActiveCfg = Release|Any CPU
		{A515AC80-FDDE-4790-BB45-E319AFFB7D6F}.Release|Mixed Platforms.Build.0 = Release|Any CPU
		{A515AC80-FDDE-4790-BB45-E319AFFB7D6F}.Release|Win32.ActiveCfg = Release|Any CPU
		{3948DFAE-3A14-4582-A25E-3AC2784FB931}.Debug|Any CPU.ActiveCfg = Debug|Any CPU
		{3948DFAE-3A14-4582-A25E-3AC2784FB931}.Debug|Any CPU.Build.0 = Debug|Any CPU
		{3948DFAE-3A14-4582-A25E-3AC2784FB931}.Debug|Mixed Platforms.ActiveCfg = Debug|Any CPU
		{3948DFAE-3A14-4582-A25E-3AC2784FB931}.Debug|Mixed Platforms.Build.0 = Debug|Any CPU
		{3948DFAE-3A14-4582-A25E-3AC2784FB931}.Debug|Win32.ActiveCfg = Debug|Any CPU
		{3948DFAE-3A14-4582-A25E-3AC2784FB931}.Release|Any CPU.ActiveCfg = Release|Any CPU
		{3948DFAE-3A14-4582-A25E-3AC2784FB931}.Release|Any CPU.Build.0 = Release|Any CPU
		{3948DFAE-3A14-4582-A25E-3AC2784FB931}.Release|Mixed Platforms.ActiveCfg = Release|Any CPU
		{3948DFAE-3A14-4582-A25E-3AC2784FB931}.Release|Mixed Platforms.Build.0 = Release|Any CPU
		{3948DFAE-3A14-4582-A25E-3AC2784FB931}.Release|Win32.ActiveCfg = Release|Any CPU
		{BD90B1F9-A497-469A-AB6B-86C5B8B68B51}.Debug|Any CPU.ActiveCfg = Debug|Any CPU
		{BD90B1F9-A497-469A-AB6B-86C5B8B68B51}.Debug|Any CPU.Build.0 = Debug|Any CPU
		{BD90B1F9-A497-469A-AB6B-86C5B8B68B51}.Debug|Mixed Platforms.ActiveCfg = Debug|Any CPU
		{BD90B1F9-A497-469A-AB6B-86C5B8B68B51}.Debug|Mixed Platforms.Build.0 = Debug|Any CPU
		{BD90B1F9-A497-469A-AB6B-86C5B8B68B51}.Debug|Win32.ActiveCfg = Debug|Any CPU
		{BD90B1F9-A497-469A-AB6B-86C5B8B68B51}.Release|Any CPU.ActiveCfg = Release|Any CPU
		{BD90B1F9-A497-469A-AB6B-86C5B8B68B51}.Release|Any CPU.Build.0 = Release|Any CPU
		{BD90B1F9-A497-469A-AB6B-86C5B8B68B51}.Release|Mixed Platforms.ActiveCfg = Release|Any CPU
		{BD90B1F9-A497-469A-AB6B-86C5B8B68B51}.Release|Mixed Platforms.Build.0 = Release|Any CPU
		{BD90B1F9-A497-469A-AB6B-86C5B8B68B51}.Release|Win32.ActiveCfg = Release|Any CPU
		{188333D8-50A7-4847-83CD-A0AD2D9A48C9}.Debug|Any CPU.ActiveCfg = Debug|Any CPU
		{188333D8-50A7-4847-83CD-A0AD2D9A48C9}.Debug|Any CPU.Build.0 = Debug|Any CPU
		{188333D8-50A7-4847-83CD-A0AD2D9A48C9}.Debug|Mixed Platforms.ActiveCfg = Debug|Any CPU
		{188333D8-50A7-4847-83CD-A0AD2D9A48C9}.Debug|Mixed Platforms.Build.0 = Debug|Any CPU
		{188333D8-50A7-4847-83CD-A0AD2D9A48C9}.Debug|Win32.ActiveCfg = Debug|Any CPU
		{188333D8-50A7-4847-83CD-A0AD2D9A48C9}.Release|Any CPU.ActiveCfg = Release|Any CPU
		{188333D8-50A7-4847-83CD-A0AD2D9A48C9}.Release|Any CPU.Build.0 = Release|Any CPU
		{188333D8-50A7-4847-83CD-A0AD2D9A48C9}.Release|Mixed Platforms.ActiveCfg = Release|Any CPU
		{188333D8-50A7-4847-83CD-A0AD2D9A48C9}.Release|Mixed Platforms.Build.0 = Release|Any CPU
		{188333D8-50A7-4847-83CD-A0AD2D9A48C9}.Release|Win32.ActiveCfg = Release|Any CPU
		{AB4AB590-0661-4D79-81CD-6927157BADAE}.Debug|Any CPU.ActiveCfg = Debug|Any CPU
		{AB4AB590-0661-4D79-81CD-6927157BADAE}.Debug|Any CPU.Build.0 = Debug|Any CPU
		{AB4AB590-0661-4D79-81CD-6927157BADAE}.Debug|Mixed Platforms.ActiveCfg = Debug|Any CPU
		{AB4AB590-0661-4D79-81CD-6927157BADAE}.Debug|Mixed Platforms.Build.0 = Debug|Any CPU
		{AB4AB590-0661-4D79-81CD-6927157BADAE}.Debug|Win32.ActiveCfg = Debug|Any CPU
		{AB4AB590-0661-4D79-81CD-6927157BADAE}.Release|Any CPU.ActiveCfg = Release|Any CPU
		{AB4AB590-0661-4D79-81CD-6927157BADAE}.Release|Any CPU.Build.0 = Release|Any CPU
		{AB4AB590-0661-4D79-81CD-6927157BADAE}.Release|Mixed Platforms.ActiveCfg = Release|Any CPU
		{AB4AB590-0661-4D79-81CD-6927157BADAE}.Release|Mixed Platforms.Build.0 = Release|Any CPU
		{AB4AB590-0661-4D79-81CD-6927157BADAE}.Release|Win32.ActiveCfg = Release|Any CPU
	EndGlobalSection
	GlobalSection(SolutionProperties) = preSolution
		HideSolutionNode = FALSE
	EndGlobalSection
EndGlobal
