
Microsoft Visual Studio Solution File, Format Version 11.00
# Visual Studio 2010
Project("{FAE04EC0-301F-11D3-BF4B-00C04F79EFBC}") = "Ntx", "Ntx\Ntx.csproj", "{A40CEB5A-1ED4-41B8-961F-BDD7AC737C33}"
EndProject
Project("{FAE04EC0-301F-11D3-BF4B-00C04F79EFBC}") = "Backsight", "Backsight\Backsight.csproj", "{2D80BA27-714A-4851-903F-DF512063C237}"
EndProject
Project("{FAE04EC0-301F-11D3-BF4B-00C04F79EFBC}") = "Backsight.Data", "Backsight.Data\Backsight.Data.csproj", "{7EC14854-8FB8-415F-9CC5-E1B52BAD8B3A}"
EndProject
Project("{FAE04EC0-301F-11D3-BF4B-00C04F79EFBC}") = "Backsight.SqlServer", "Backsight.SqlServer\Backsight.SqlServer.csproj", "{97BC1364-B469-4AF2-BD4F-B13AB981A4B1}"
EndProject
Project("{FAE04EC0-301F-11D3-BF4B-00C04F79EFBC}") = "Backsight.Environment.Editor", "Backsight.Environment.Editor\Backsight.Environment.Editor.csproj", "{A515AC80-FDDE-4790-BB45-E319AFFB7D6F}"
EndProject
Project("{FAE04EC0-301F-11D3-BF4B-00C04F79EFBC}") = "Backsight.Editor", "Backsight.Editor\Backsight.Editor.csproj", "{3948DFAE-3A14-4582-A25E-3AC2784FB931}"
EndProject
Project("{8BC9CEB8-8B4A-11D0-8D11-00A0C91BC942}") = "CSLib", "CSLib\CSLib.vcxproj", "{CA904B67-D8E8-4ADC-BF7C-596B79F67D8D}"
EndProject
Project("{FAE04EC0-301F-11D3-BF4B-00C04F79EFBC}") = "netDxf", "ThirdParty\netDxf\netDxf\netDxf.csproj", "{785380E0-CEB9-4C34-82E5-60D0E33E848E}"
EndProject
Project("{8BC9CEB8-8B4A-11D0-8D11-00A0C91BC942}") = "CEdit", "CEdit\CEdit.vcxproj", "{E8E38E4D-269D-40FD-B422-6EE98B64F89D}"
EndProject
Project("{8BC9CEB8-8B4A-11D0-8D11-00A0C91BC942}") = "Tests", "Tests\Tests.vcxproj", "{E26ADAB6-4EC3-4331-A8F2-B68962C97E6C}"
EndProject
Project("{8BC9CEB8-8B4A-11D0-8D11-00A0C91BC942}") = "Test2", "Test2\Test2.vcxproj", "{1B07F7D9-A92B-4CB7-8065-BFEECFBFF2AC}"
EndProject
Global
	GlobalSection(SolutionConfigurationPlatforms) = preSolution
		Debug|Any CPU = Debug|Any CPU
		Debug|Mixed Platforms = Debug|Mixed Platforms
		Debug|Win32 = Debug|Win32
		Debug|x86 = Debug|x86
		Release|Any CPU = Release|Any CPU
		Release|Mixed Platforms = Release|Mixed Platforms
		Release|Win32 = Release|Win32
		Release|x86 = Release|x86
	EndGlobalSection
	GlobalSection(ProjectConfigurationPlatforms) = postSolution
		{A40CEB5A-1ED4-41B8-961F-BDD7AC737C33}.Debug|Any CPU.ActiveCfg = Debug|Any CPU
		{A40CEB5A-1ED4-41B8-961F-BDD7AC737C33}.Debug|Mixed Platforms.ActiveCfg = Debug|Any CPU
		{A40CEB5A-1ED4-41B8-961F-BDD7AC737C33}.Debug|Mixed Platforms.Build.0 = Debug|Any CPU
		{A40CEB5A-1ED4-41B8-961F-BDD7AC737C33}.Debug|Win32.ActiveCfg = Debug|Any CPU
		{A40CEB5A-1ED4-41B8-961F-BDD7AC737C33}.Debug|x86.ActiveCfg = Debug|x86
		{A40CEB5A-1ED4-41B8-961F-BDD7AC737C33}.Release|Any CPU.ActiveCfg = Release|Any CPU
		{A40CEB5A-1ED4-41B8-961F-BDD7AC737C33}.Release|Any CPU.Build.0 = Release|Any CPU
		{A40CEB5A-1ED4-41B8-961F-BDD7AC737C33}.Release|Mixed Platforms.ActiveCfg = Release|Any CPU
		{A40CEB5A-1ED4-41B8-961F-BDD7AC737C33}.Release|Mixed Platforms.Build.0 = Release|Any CPU
		{A40CEB5A-1ED4-41B8-961F-BDD7AC737C33}.Release|Win32.ActiveCfg = Release|Any CPU
		{A40CEB5A-1ED4-41B8-961F-BDD7AC737C33}.Release|x86.ActiveCfg = Release|x86
		{2D80BA27-714A-4851-903F-DF512063C237}.Debug|Any CPU.ActiveCfg = Debug|Any CPU
		{2D80BA27-714A-4851-903F-DF512063C237}.Debug|Any CPU.Build.0 = Debug|Any CPU
		{2D80BA27-714A-4851-903F-DF512063C237}.Debug|Mixed Platforms.ActiveCfg = Debug|Any CPU
		{2D80BA27-714A-4851-903F-DF512063C237}.Debug|Mixed Platforms.Build.0 = Debug|Any CPU
		{2D80BA27-714A-4851-903F-DF512063C237}.Debug|Win32.ActiveCfg = Debug|Any CPU
		{2D80BA27-714A-4851-903F-DF512063C237}.Debug|x86.ActiveCfg = Debug|x86
		{2D80BA27-714A-4851-903F-DF512063C237}.Debug|x86.Build.0 = Debug|x86
		{2D80BA27-714A-4851-903F-DF512063C237}.Release|Any CPU.ActiveCfg = Release|Any CPU
		{2D80BA27-714A-4851-903F-DF512063C237}.Release|Any CPU.Build.0 = Release|Any CPU
		{2D80BA27-714A-4851-903F-DF512063C237}.Release|Mixed Platforms.ActiveCfg = Release|Any CPU
		{2D80BA27-714A-4851-903F-DF512063C237}.Release|Mixed Platforms.Build.0 = Release|Any CPU
		{2D80BA27-714A-4851-903F-DF512063C237}.Release|Win32.ActiveCfg = Release|Any CPU
		{2D80BA27-714A-4851-903F-DF512063C237}.Release|x86.ActiveCfg = Release|x86
		{2D80BA27-714A-4851-903F-DF512063C237}.Release|x86.Build.0 = Release|x86
		{7EC14854-8FB8-415F-9CC5-E1B52BAD8B3A}.Debug|Any CPU.ActiveCfg = Debug|Any CPU
		{7EC14854-8FB8-415F-9CC5-E1B52BAD8B3A}.Debug|Mixed Platforms.ActiveCfg = Debug|Any CPU
		{7EC14854-8FB8-415F-9CC5-E1B52BAD8B3A}.Debug|Mixed Platforms.Build.0 = Debug|Any CPU
		{7EC14854-8FB8-415F-9CC5-E1B52BAD8B3A}.Debug|Win32.ActiveCfg = Debug|Any CPU
		{7EC14854-8FB8-415F-9CC5-E1B52BAD8B3A}.Debug|x86.ActiveCfg = Debug|x86
		{7EC14854-8FB8-415F-9CC5-E1B52BAD8B3A}.Debug|x86.Build.0 = Debug|x86
		{7EC14854-8FB8-415F-9CC5-E1B52BAD8B3A}.Release|Any CPU.ActiveCfg = Release|Any CPU
		{7EC14854-8FB8-415F-9CC5-E1B52BAD8B3A}.Release|Any CPU.Build.0 = Release|Any CPU
		{7EC14854-8FB8-415F-9CC5-E1B52BAD8B3A}.Release|Mixed Platforms.ActiveCfg = Release|Any CPU
		{7EC14854-8FB8-415F-9CC5-E1B52BAD8B3A}.Release|Mixed Platforms.Build.0 = Release|Any CPU
		{7EC14854-8FB8-415F-9CC5-E1B52BAD8B3A}.Release|Win32.ActiveCfg = Release|Any CPU
		{7EC14854-8FB8-415F-9CC5-E1B52BAD8B3A}.Release|x86.ActiveCfg = Release|x86
		{97BC1364-B469-4AF2-BD4F-B13AB981A4B1}.Debug|Any CPU.ActiveCfg = Debug|Any CPU
		{97BC1364-B469-4AF2-BD4F-B13AB981A4B1}.Debug|Mixed Platforms.ActiveCfg = Debug|Any CPU
		{97BC1364-B469-4AF2-BD4F-B13AB981A4B1}.Debug|Mixed Platforms.Build.0 = Debug|Any CPU
		{97BC1364-B469-4AF2-BD4F-B13AB981A4B1}.Debug|Win32.ActiveCfg = Debug|Any CPU
		{97BC1364-B469-4AF2-BD4F-B13AB981A4B1}.Debug|x86.ActiveCfg = Debug|x86
		{97BC1364-B469-4AF2-BD4F-B13AB981A4B1}.Debug|x86.Build.0 = Debug|x86
		{97BC1364-B469-4AF2-BD4F-B13AB981A4B1}.Release|Any CPU.ActiveCfg = Release|Any CPU
		{97BC1364-B469-4AF2-BD4F-B13AB981A4B1}.Release|Any CPU.Build.0 = Release|Any CPU
		{97BC1364-B469-4AF2-BD4F-B13AB981A4B1}.Release|Mixed Platforms.ActiveCfg = Release|Any CPU
		{97BC1364-B469-4AF2-BD4F-B13AB981A4B1}.Release|Mixed Platforms.Build.0 = Release|Any CPU
		{97BC1364-B469-4AF2-BD4F-B13AB981A4B1}.Release|Win32.ActiveCfg = Release|Any CPU
		{97BC1364-B469-4AF2-BD4F-B13AB981A4B1}.Release|x86.ActiveCfg = Release|x86
		{A515AC80-FDDE-4790-BB45-E319AFFB7D6F}.Debug|Any CPU.ActiveCfg = Debug|Any CPU
		{A515AC80-FDDE-4790-BB45-E319AFFB7D6F}.Debug|Mixed Platforms.ActiveCfg = Debug|Any CPU
		{A515AC80-FDDE-4790-BB45-E319AFFB7D6F}.Debug|Mixed Platforms.Build.0 = Debug|Any CPU
		{A515AC80-FDDE-4790-BB45-E319AFFB7D6F}.Debug|Win32.ActiveCfg = Debug|Any CPU
		{A515AC80-FDDE-4790-BB45-E319AFFB7D6F}.Debug|x86.ActiveCfg = Debug|x86
		{A515AC80-FDDE-4790-BB45-E319AFFB7D6F}.Debug|x86.Build.0 = Debug|x86
		{A515AC80-FDDE-4790-BB45-E319AFFB7D6F}.Release|Any CPU.ActiveCfg = Release|Any CPU
		{A515AC80-FDDE-4790-BB45-E319AFFB7D6F}.Release|Any CPU.Build.0 = Release|Any CPU
		{A515AC80-FDDE-4790-BB45-E319AFFB7D6F}.Release|Mixed Platforms.ActiveCfg = Release|Any CPU
		{A515AC80-FDDE-4790-BB45-E319AFFB7D6F}.Release|Mixed Platforms.Build.0 = Release|Any CPU
		{A515AC80-FDDE-4790-BB45-E319AFFB7D6F}.Release|Win32.ActiveCfg = Release|Any CPU
		{A515AC80-FDDE-4790-BB45-E319AFFB7D6F}.Release|x86.ActiveCfg = Release|x86
		{3948DFAE-3A14-4582-A25E-3AC2784FB931}.Debug|Any CPU.ActiveCfg = Debug|Any CPU
		{3948DFAE-3A14-4582-A25E-3AC2784FB931}.Debug|Any CPU.Build.0 = Debug|Any CPU
		{3948DFAE-3A14-4582-A25E-3AC2784FB931}.Debug|Mixed Platforms.ActiveCfg = Debug|Any CPU
		{3948DFAE-3A14-4582-A25E-3AC2784FB931}.Debug|Mixed Platforms.Build.0 = Debug|Any CPU
		{3948DFAE-3A14-4582-A25E-3AC2784FB931}.Debug|Win32.ActiveCfg = Debug|Any CPU
		{3948DFAE-3A14-4582-A25E-3AC2784FB931}.Debug|x86.ActiveCfg = Debug|x86
		{3948DFAE-3A14-4582-A25E-3AC2784FB931}.Debug|x86.Build.0 = Debug|x86
		{3948DFAE-3A14-4582-A25E-3AC2784FB931}.Release|Any CPU.ActiveCfg = Release|Any CPU
		{3948DFAE-3A14-4582-A25E-3AC2784FB931}.Release|Any CPU.Build.0 = Release|Any CPU
		{3948DFAE-3A14-4582-A25E-3AC2784FB931}.Release|Mixed Platforms.ActiveCfg = Release|Any CPU
		{3948DFAE-3A14-4582-A25E-3AC2784FB931}.Release|Mixed Platforms.Build.0 = Release|Any CPU
		{3948DFAE-3A14-4582-A25E-3AC2784FB931}.Release|Win32.ActiveCfg = Release|Any CPU
		{3948DFAE-3A14-4582-A25E-3AC2784FB931}.Release|x86.ActiveCfg = Release|x86
		{3948DFAE-3A14-4582-A25E-3AC2784FB931}.Release|x86.Build.0 = Release|x86
		{CA904B67-D8E8-4ADC-BF7C-596B79F67D8D}.Debug|Any CPU.ActiveCfg = Debug|Win32
		{CA904B67-D8E8-4ADC-BF7C-596B79F67D8D}.Debug|Any CPU.Build.0 = Debug|Win32
		{CA904B67-D8E8-4ADC-BF7C-596B79F67D8D}.Debug|Mixed Platforms.ActiveCfg = Debug|Win32
		{CA904B67-D8E8-4ADC-BF7C-596B79F67D8D}.Debug|Mixed Platforms.Build.0 = Debug|Win32
		{CA904B67-D8E8-4ADC-BF7C-596B79F67D8D}.Debug|Win32.ActiveCfg = Debug|Win32
		{CA904B67-D8E8-4ADC-BF7C-596B79F67D8D}.Debug|Win32.Build.0 = Debug|Win32
		{CA904B67-D8E8-4ADC-BF7C-596B79F67D8D}.Debug|x86.ActiveCfg = Debug|Win32
		{CA904B67-D8E8-4ADC-BF7C-596B79F67D8D}.Release|Any CPU.ActiveCfg = Release|Win32
		{CA904B67-D8E8-4ADC-BF7C-596B79F67D8D}.Release|Mixed Platforms.ActiveCfg = Release|Win32
		{CA904B67-D8E8-4ADC-BF7C-596B79F67D8D}.Release|Mixed Platforms.Build.0 = Release|Win32
		{CA904B67-D8E8-4ADC-BF7C-596B79F67D8D}.Release|Win32.ActiveCfg = Release|Win32
		{CA904B67-D8E8-4ADC-BF7C-596B79F67D8D}.Release|Win32.Build.0 = Release|Win32
		{CA904B67-D8E8-4ADC-BF7C-596B79F67D8D}.Release|x86.ActiveCfg = Release|Win32
		{785380E0-CEB9-4C34-82E5-60D0E33E848E}.Debug|Any CPU.ActiveCfg = Debug|Any CPU
		{785380E0-CEB9-4C34-82E5-60D0E33E848E}.Debug|Any CPU.Build.0 = Debug|Any CPU
		{785380E0-CEB9-4C34-82E5-60D0E33E848E}.Debug|Mixed Platforms.ActiveCfg = Debug|Any CPU
		{785380E0-CEB9-4C34-82E5-60D0E33E848E}.Debug|Mixed Platforms.Build.0 = Debug|Any CPU
		{785380E0-CEB9-4C34-82E5-60D0E33E848E}.Debug|Win32.ActiveCfg = Debug|Any CPU
		{785380E0-CEB9-4C34-82E5-60D0E33E848E}.Debug|x86.ActiveCfg = Debug|x86
		{785380E0-CEB9-4C34-82E5-60D0E33E848E}.Release|Any CPU.ActiveCfg = Release|Any CPU
		{785380E0-CEB9-4C34-82E5-60D0E33E848E}.Release|Any CPU.Build.0 = Release|Any CPU
		{785380E0-CEB9-4C34-82E5-60D0E33E848E}.Release|Mixed Platforms.ActiveCfg = Release|Any CPU
		{785380E0-CEB9-4C34-82E5-60D0E33E848E}.Release|Mixed Platforms.Build.0 = Release|Any CPU
		{785380E0-CEB9-4C34-82E5-60D0E33E848E}.Release|Win32.ActiveCfg = Release|Any CPU
		{785380E0-CEB9-4C34-82E5-60D0E33E848E}.Release|x86.ActiveCfg = Release|Any CPU
		{E8E38E4D-269D-40FD-B422-6EE98B64F89D}.Debug|Any CPU.ActiveCfg = Debug|Win32
		{E8E38E4D-269D-40FD-B422-6EE98B64F89D}.Debug|Mixed Platforms.ActiveCfg = Debug|Win32
		{E8E38E4D-269D-40FD-B422-6EE98B64F89D}.Debug|Mixed Platforms.Build.0 = Debug|Win32
		{E8E38E4D-269D-40FD-B422-6EE98B64F89D}.Debug|Win32.ActiveCfg = Debug|Win32
		{E8E38E4D-269D-40FD-B422-6EE98B64F89D}.Debug|Win32.Build.0 = Debug|Win32
		{E8E38E4D-269D-40FD-B422-6EE98B64F89D}.Debug|x86.ActiveCfg = Debug|Win32
		{E8E38E4D-269D-40FD-B422-6EE98B64F89D}.Debug|x86.Build.0 = Debug|Win32
		{E8E38E4D-269D-40FD-B422-6EE98B64F89D}.Release|Any CPU.ActiveCfg = Release|Win32
		{E8E38E4D-269D-40FD-B422-6EE98B64F89D}.Release|Mixed Platforms.ActiveCfg = Release|Win32
		{E8E38E4D-269D-40FD-B422-6EE98B64F89D}.Release|Mixed Platforms.Build.0 = Release|Win32
		{E8E38E4D-269D-40FD-B422-6EE98B64F89D}.Release|Win32.ActiveCfg = Release|Win32
		{E8E38E4D-269D-40FD-B422-6EE98B64F89D}.Release|Win32.Build.0 = Release|Win32
		{E8E38E4D-269D-40FD-B422-6EE98B64F89D}.Release|x86.ActiveCfg = Release|Win32
		{E26ADAB6-4EC3-4331-A8F2-B68962C97E6C}.Debug|Any CPU.ActiveCfg = Debug|Win32
		{E26ADAB6-4EC3-4331-A8F2-B68962C97E6C}.Debug|Mixed Platforms.ActiveCfg = Debug|Win32
		{E26ADAB6-4EC3-4331-A8F2-B68962C97E6C}.Debug|Mixed Platforms.Build.0 = Debug|Win32
		{E26ADAB6-4EC3-4331-A8F2-B68962C97E6C}.Debug|Win32.ActiveCfg = Debug|Win32
		{E26ADAB6-4EC3-4331-A8F2-B68962C97E6C}.Debug|Win32.Build.0 = Debug|Win32
		{E26ADAB6-4EC3-4331-A8F2-B68962C97E6C}.Debug|x86.ActiveCfg = Debug|Win32
		{E26ADAB6-4EC3-4331-A8F2-B68962C97E6C}.Release|Any CPU.ActiveCfg = Release|Win32
		{E26ADAB6-4EC3-4331-A8F2-B68962C97E6C}.Release|Mixed Platforms.ActiveCfg = Release|Win32
		{E26ADAB6-4EC3-4331-A8F2-B68962C97E6C}.Release|Mixed Platforms.Build.0 = Release|Win32
		{E26ADAB6-4EC3-4331-A8F2-B68962C97E6C}.Release|Win32.ActiveCfg = Release|Win32
		{E26ADAB6-4EC3-4331-A8F2-B68962C97E6C}.Release|Win32.Build.0 = Release|Win32
		{E26ADAB6-4EC3-4331-A8F2-B68962C97E6C}.Release|x86.ActiveCfg = Release|Win32
		{1B07F7D9-A92B-4CB7-8065-BFEECFBFF2AC}.Debug|Any CPU.ActiveCfg = Debug|Win32
		{1B07F7D9-A92B-4CB7-8065-BFEECFBFF2AC}.Debug|Mixed Platforms.ActiveCfg = Debug|Win32
		{1B07F7D9-A92B-4CB7-8065-BFEECFBFF2AC}.Debug|Mixed Platforms.Build.0 = Debug|Win32
		{1B07F7D9-A92B-4CB7-8065-BFEECFBFF2AC}.Debug|Win32.ActiveCfg = Debug|Win32
		{1B07F7D9-A92B-4CB7-8065-BFEECFBFF2AC}.Debug|Win32.Build.0 = Debug|Win32
		{1B07F7D9-A92B-4CB7-8065-BFEECFBFF2AC}.Debug|x86.ActiveCfg = Debug|Win32
		{1B07F7D9-A92B-4CB7-8065-BFEECFBFF2AC}.Release|Any CPU.ActiveCfg = Release|Win32
		{1B07F7D9-A92B-4CB7-8065-BFEECFBFF2AC}.Release|Mixed Platforms.ActiveCfg = Release|Win32
		{1B07F7D9-A92B-4CB7-8065-BFEECFBFF2AC}.Release|Mixed Platforms.Build.0 = Release|Win32
		{1B07F7D9-A92B-4CB7-8065-BFEECFBFF2AC}.Release|Win32.ActiveCfg = Release|Win32
		{1B07F7D9-A92B-4CB7-8065-BFEECFBFF2AC}.Release|Win32.Build.0 = Release|Win32
		{1B07F7D9-A92B-4CB7-8065-BFEECFBFF2AC}.Release|x86.ActiveCfg = Release|Win32
	EndGlobalSection
	GlobalSection(SolutionProperties) = preSolution
		HideSolutionNode = FALSE
	EndGlobalSection
EndGlobal
